
Microsoft Visual Studio Solution File, Format Version 12.00
# Visual Studio Version 16
VisualStudioVersion = 16.0.31515.178
MinimumVisualStudioVersion = 10.0.40219.1
Project("{FAE04EC0-301F-11D3-BF4B-00C04F79EFBC}") = "csharp", "csharp.csproj", "{176C0214-9136-4079-8DAB-11D7420C3881}"
EndProject
Project("{FAE04EC0-301F-11D3-BF4B-00C04F79EFBC}") = "csharpTests", "..\csharpTests\csharpTests.csproj", "{36374CE1-68B8-4302-8BF1-CC6F10F40A10}"
EndProject
Global
	GlobalSection(SolutionConfigurationPlatforms) = preSolution
		Debug|Any CPU = Debug|Any CPU
		Release|Any CPU = Release|Any CPU
	EndGlobalSection
	GlobalSection(ProjectConfigurationPlatforms) = postSolution
		{176C0214-9136-4079-8DAB-11D7420C3881}.Debug|Any CPU.ActiveCfg = Debug|Any CPU
		{176C0214-9136-4079-8DAB-11D7420C3881}.Debug|Any CPU.Build.0 = Debug|Any CPU
		{176C0214-9136-4079-8DAB-11D7420C3881}.Release|Any CPU.ActiveCfg = Release|Any CPU
		{176C0214-9136-4079-8DAB-11D7420C3881}.Release|Any CPU.Build.0 = Release|Any CPU
		{36374CE1-68B8-4302-8BF1-CC6F10F40A10}.Debug|Any CPU.ActiveCfg = Debug|Any CPU
		{36374CE1-68B8-4302-8BF1-CC6F10F40A10}.Debug|Any CPU.Build.0 = Debug|Any CPU
		{36374CE1-68B8-4302-8BF1-CC6F10F40A10}.Release|Any CPU.ActiveCfg = Release|Any CPU
		{36374CE1-68B8-4302-8BF1-CC6F10F40A10}.Release|Any CPU.Build.0 = Release|Any CPU
	EndGlobalSection
	GlobalSection(SolutionProperties) = preSolution
		HideSolutionNode = FALSE
	EndGlobalSection
	GlobalSection(ExtensibilityGlobals) = postSolution
		SolutionGuid = {96693547-87E5-40F8-8BB0-6FB1FF6AB3F4}
	EndGlobalSection
EndGlobal
